
Microsoft Visual Studio Solution File, Format Version 12.00
# Visual Studio Version 17
VisualStudioVersion = 17.5.002.0
MinimumVisualStudioVersion = 10.0.40219.1
Project("{9A19103F-16F7-4668-BE54-9A1E7A4F7556}") = "try-catch", "try-catch.csproj", "{5DD48B0D-A9E9-4C7E-ADEE-633914C26AD4}"
EndProject
Global
	GlobalSection(SolutionConfigurationPlatforms) = preSolution
		Debug|Any CPU = Debug|Any CPU
		Release|Any CPU = Release|Any CPU
	EndGlobalSection
	GlobalSection(ProjectConfigurationPlatforms) = postSolution
		{5DD48B0D-A9E9-4C7E-ADEE-633914C26AD4}.Debug|Any CPU.ActiveCfg = Debug|Any CPU
		{5DD48B0D-A9E9-4C7E-ADEE-633914C26AD4}.Debug|Any CPU.Build.0 = Debug|Any CPU
		{5DD48B0D-A9E9-4C7E-ADEE-633914C26AD4}.Release|Any CPU.ActiveCfg = Release|Any CPU
		{5DD48B0D-A9E9-4C7E-ADEE-633914C26AD4}.Release|Any CPU.Build.0 = Release|Any CPU
	EndGlobalSection
	GlobalSection(SolutionProperties) = preSolution
		HideSolutionNode = FALSE
	EndGlobalSection
	GlobalSection(ExtensibilityGlobals) = postSolution
		SolutionGuid = {91DFDA21-1549-4308-9A08-D2DC14F48D38}
	EndGlobalSection
EndGlobal
