
Microsoft Visual Studio Solution File, Format Version 12.00
# Visual Studio Version 17
VisualStudioVersion = 17.5.002.0
MinimumVisualStudioVersion = 10.0.40219.1
Project("{9A19103F-16F7-4668-BE54-9A1E7A4F7556}") = "delegate", "delegate.csproj", "{B506C335-99BF-4634-963B-CAA608E5B3BB}"
EndProject
Global
	GlobalSection(SolutionConfigurationPlatforms) = preSolution
		Debug|Any CPU = Debug|Any CPU
		Release|Any CPU = Release|Any CPU
	EndGlobalSection
	GlobalSection(ProjectConfigurationPlatforms) = postSolution
		{B506C335-99BF-4634-963B-CAA608E5B3BB}.Debug|Any CPU.ActiveCfg = Debug|Any CPU
		{B506C335-99BF-4634-963B-CAA608E5B3BB}.Debug|Any CPU.Build.0 = Debug|Any CPU
		{B506C335-99BF-4634-963B-CAA608E5B3BB}.Release|Any CPU.ActiveCfg = Release|Any CPU
		{B506C335-99BF-4634-963B-CAA608E5B3BB}.Release|Any CPU.Build.0 = Release|Any CPU
	EndGlobalSection
	GlobalSection(SolutionProperties) = preSolution
		HideSolutionNode = FALSE
	EndGlobalSection
	GlobalSection(ExtensibilityGlobals) = postSolution
		SolutionGuid = {B2E9B629-6233-4EA5-9359-507219E610E8}
	EndGlobalSection
EndGlobal
