
Microsoft Visual Studio Solution File, Format Version 12.00
# Visual Studio Version 17
VisualStudioVersion = 17.5.002.0
MinimumVisualStudioVersion = 10.0.40219.1
Project("{9A19103F-16F7-4668-BE54-9A1E7A4F7556}") = "strings", "strings.csproj", "{CF02D144-92FE-47E2-98A9-598F67AE83CD}"
EndProject
Global
	GlobalSection(SolutionConfigurationPlatforms) = preSolution
		Debug|Any CPU = Debug|Any CPU
		Release|Any CPU = Release|Any CPU
	EndGlobalSection
	GlobalSection(ProjectConfigurationPlatforms) = postSolution
		{CF02D144-92FE-47E2-98A9-598F67AE83CD}.Debug|Any CPU.ActiveCfg = Debug|Any CPU
		{CF02D144-92FE-47E2-98A9-598F67AE83CD}.Debug|Any CPU.Build.0 = Debug|Any CPU
		{CF02D144-92FE-47E2-98A9-598F67AE83CD}.Release|Any CPU.ActiveCfg = Release|Any CPU
		{CF02D144-92FE-47E2-98A9-598F67AE83CD}.Release|Any CPU.Build.0 = Release|Any CPU
	EndGlobalSection
	GlobalSection(SolutionProperties) = preSolution
		HideSolutionNode = FALSE
	EndGlobalSection
	GlobalSection(ExtensibilityGlobals) = postSolution
		SolutionGuid = {5F14F56D-7884-4041-8E65-B36903217EBB}
	EndGlobalSection
EndGlobal
